
Microsoft Visual Studio Solution File, Format Version 12.00
# Visual Studio Version 16
VisualStudioVersion = 16.0.31624.102
MinimumVisualStudioVersion = 10.0.40219.1
Project("{FAE04EC0-301F-11D3-BF4B-00C04F79EFBC}") = "conversor de moedas", "conversor de moedas\conversor de moedas.csproj", "{A7F2E310-6D4E-4EB7-B07C-17F8E57D2AE6}"
EndProject
Global
	GlobalSection(SolutionConfigurationPlatforms) = preSolution
		Debug|Any CPU = Debug|Any CPU
		Release|Any CPU = Release|Any CPU
	EndGlobalSection
	GlobalSection(ProjectConfigurationPlatforms) = postSolution
		{A7F2E310-6D4E-4EB7-B07C-17F8E57D2AE6}.Debug|Any CPU.ActiveCfg = Debug|Any CPU
		{A7F2E310-6D4E-4EB7-B07C-17F8E57D2AE6}.Debug|Any CPU.Build.0 = Debug|Any CPU
		{A7F2E310-6D4E-4EB7-B07C-17F8E57D2AE6}.Release|Any CPU.ActiveCfg = Release|Any CPU
		{A7F2E310-6D4E-4EB7-B07C-17F8E57D2AE6}.Release|Any CPU.Build.0 = Release|Any CPU
	EndGlobalSection
	GlobalSection(SolutionProperties) = preSolution
		HideSolutionNode = FALSE
	EndGlobalSection
	GlobalSection(ExtensibilityGlobals) = postSolution
		SolutionGuid = {40EAE413-519A-4EC2-890B-F010612474A9}
	EndGlobalSection
EndGlobal
